
Microsoft Visual Studio Solution File, Format Version 12.00
# Visual Studio 15
VisualStudioVersion = 15.0.27130.0
MinimumVisualStudioVersion = 10.0.40219.1
Project("{888888A0-9F3D-457C-B088-3A5042F75D52}") = "ArtStyleReplicator", "ArtStyleReplicator\ArtStyleReplicator.pyproj", "{339389D6-BE7D-4159-97C7-1CACF191AEE8}"
EndProject
Global
	GlobalSection(SolutionConfigurationPlatforms) = preSolution
		Debug|Any CPU = Debug|Any CPU
		Release|Any CPU = Release|Any CPU
	EndGlobalSection
	GlobalSection(ProjectConfigurationPlatforms) = postSolution
		{339389D6-BE7D-4159-97C7-1CACF191AEE8}.Debug|Any CPU.ActiveCfg = Debug|Any CPU
		{339389D6-BE7D-4159-97C7-1CACF191AEE8}.Release|Any CPU.ActiveCfg = Release|Any CPU
	EndGlobalSection
	GlobalSection(SolutionProperties) = preSolution
		HideSolutionNode = FALSE
	EndGlobalSection
	GlobalSection(ExtensibilityGlobals) = postSolution
		SolutionGuid = {C6D38D12-FCA0-448E-82BA-3FB624D45F5B}
	EndGlobalSection
EndGlobal
